# @generated - this file is auto-generated by `mise lock` https://mise.en.dev/dev-tools/mise-lock.html

[[tools.actionlint]]
version = "1.7.12"
backend = "aqua:rhysd/actionlint"

[tools.actionlint."platforms.linux-x64"]
checksum = "sha256:8aca8db96f1b94770f1b0d72b6dddcb1ebb8123cb3712530b08cc387b349a3d8"
url = "https://github.com/rhysd/actionlint/releases/download/v1.7.12/actionlint_1.7.12_linux_amd64.tar.gz"
provenance = "github-attestations"

[tools.actionlint."platforms.macos-arm64"]
checksum = "sha256:aba9ced2dee8d27fecca3dc7feb1a7f9a52caefa1eb46f3271ea66b6e0e6953f"
url = "https://github.com/rhysd/actionlint/releases/download/v1.7.12/actionlint_1.7.12_darwin_arm64.tar.gz"
provenance = "github-attestations"

[tools.actionlint."platforms.macos-x64"]
checksum = "sha256:5b44c3bc2255115c9b69e30efc0fecdf498fdb63c5d58e17084fd5f16324c644"
url = "https://github.com/rhysd/actionlint/releases/download/v1.7.12/actionlint_1.7.12_darwin_amd64.tar.gz"
provenance = "github-attestations"

[[tools."cargo:cargo-audit"]]
version = "0.22.2"
backend = "cargo:cargo-audit"

[[tools."cargo:cargo-edit"]]
version = "0.13.11"
backend = "cargo:cargo-edit"

[[tools."cargo:cargo-llvm-cov"]]
version = "0.8.7"
backend = "cargo:cargo-llvm-cov"

[[tools.gitleaks]]
version = "8.30.1"
backend = "aqua:gitleaks/gitleaks"

[tools.gitleaks."platforms.linux-x64"]
checksum = "sha256:551f6fc83ea457d62a0d98237cbad105af8d557003051f41f3e7ca7b3f2470eb"
url = "https://github.com/gitleaks/gitleaks/releases/download/v8.30.1/gitleaks_8.30.1_linux_x64.tar.gz"

[tools.gitleaks."platforms.macos-arm64"]
checksum = "sha256:b40ab0ae55c505963e365f271a8d3846efbc170aa17f2607f13df610a9aeb6a5"
url = "https://github.com/gitleaks/gitleaks/releases/download/v8.30.1/gitleaks_8.30.1_darwin_arm64.tar.gz"

[tools.gitleaks."platforms.macos-x64"]
checksum = "sha256:dfe101a4db2255fc85120ac7f3d25e4342c3c20cf749f2c20a18081af1952709"
url = "https://github.com/gitleaks/gitleaks/releases/download/v8.30.1/gitleaks_8.30.1_darwin_x64.tar.gz"

[[tools.node]]
version = "26.3.0"
backend = "core:node"

[tools.node."platforms.linux-x64"]
checksum = "sha256:a6e65cc653e40c1653b77742f9185dbce3ff1f99fa2746d211bddb53530ef206"
url = "https://nodejs.org/dist/v26.3.0/node-v26.3.0-linux-x64.tar.gz"

[tools.node."platforms.macos-arm64"]
checksum = "sha256:77ef7f7a15aa757c2ca19d63cf41c8d9eb3b18590ebc6883871310787d8c6b6c"
url = "https://nodejs.org/dist/v26.3.0/node-v26.3.0-darwin-arm64.tar.gz"

[tools.node."platforms.macos-x64"]
checksum = "sha256:7453bd54a17bdc656e2e784d702f6eeb224fb517965e6f8c5a31a88c83d3804c"
url = "https://nodejs.org/dist/v26.3.0/node-v26.3.0-darwin-x64.tar.gz"

[[tools.rust]]
version = "1.96.0"
backend = "core:rust"

[[tools.shellcheck]]
version = "0.11.0"
backend = "aqua:koalaman/shellcheck"

[tools.shellcheck."platforms.linux-x64"]
checksum = "sha256:8c3be12b05d5c177a04c29e3c78ce89ac86f1595681cab149b65b97c4e227198"
url = "https://github.com/koalaman/shellcheck/releases/download/v0.11.0/shellcheck-v0.11.0.linux.x86_64.tar.xz"

[tools.shellcheck."platforms.macos-arm64"]
checksum = "sha256:56affdd8de5527894dca6dc3d7e0a99a873b0f004d7aabc30ae407d3f48b0a79"
url = "https://github.com/koalaman/shellcheck/releases/download/v0.11.0/shellcheck-v0.11.0.darwin.aarch64.tar.xz"

[tools.shellcheck."platforms.macos-x64"]
checksum = "sha256:3c89db4edcab7cf1c27bff178882e0f6f27f7afdf54e859fa041fca10febe4c6"
url = "https://github.com/koalaman/shellcheck/releases/download/v0.11.0/shellcheck-v0.11.0.darwin.x86_64.tar.xz"

[[tools.trivy]]
version = "0.71.0"
backend = "aqua:aquasecurity/trivy"

[tools.trivy."platforms.linux-x64"]
checksum = "sha256:30a3d22b23f88c233f1658f562fb477cae3b3e8b4761109d515b7698daf85814"
url = "https://github.com/aquasecurity/trivy/releases/download/v0.71.0/trivy_0.71.0_Linux-64bit.tar.gz"
provenance = "cosign"

[tools.trivy."platforms.macos-arm64"]
checksum = "sha256:95d4e896b120816edd0995a2df8adca26a8621b7bf62036a89b1d54a7b718a74"
url = "https://github.com/aquasecurity/trivy/releases/download/v0.71.0/trivy_0.71.0_macOS-ARM64.tar.gz"
provenance = "cosign"

[tools.trivy."platforms.macos-x64"]
checksum = "sha256:4558afb13d017615ca85011901caab78b4f09196e320b05a56c9fdc5615a1428"
url = "https://github.com/aquasecurity/trivy/releases/download/v0.71.0/trivy_0.71.0_macOS-64bit.tar.gz"
provenance = "cosign"

[[tools.watchexec]]
version = "2.5.1"
backend = "aqua:watchexec/watchexec"

[tools.watchexec."platforms.linux-x64"]
checksum = "sha256:9efabd08de720c1ee7e57b487fe11904f0966828e76146e2b5ea5deee90626be"
url = "https://github.com/watchexec/watchexec/releases/download/v2.5.1/watchexec-2.5.1-x86_64-unknown-linux-musl.tar.xz"

[tools.watchexec."platforms.macos-arm64"]
checksum = "sha256:c5e405dd1109940b2510398d2182990c1be59063b94e11d7ace9c7b435cb1df1"
url = "https://github.com/watchexec/watchexec/releases/download/v2.5.1/watchexec-2.5.1-aarch64-apple-darwin.tar.xz"

[tools.watchexec."platforms.macos-x64"]
checksum = "sha256:bb74bf33286ff7f31dd8e763e017fbc0418360d88baefd35bc57d662d28394e2"
url = "https://github.com/watchexec/watchexec/releases/download/v2.5.1/watchexec-2.5.1-x86_64-apple-darwin.tar.xz"
